
Microsoft Visual Studio Solution File, Format Version 12.00
# Visual Studio Version 17
VisualStudioVersion = 17.8.34525.116
MinimumVisualStudioVersion = 10.0.40219.1
Project("{FAE04EC0-301F-11D3-BF4B-00C04F79EFBC}") = "Calculator", "Calculator\Calculator.csproj", "{7962ACD1-2923-47E7-B13C-2FAD0FAEE902}"
EndProject
Global
	GlobalSection(SolutionConfigurationPlatforms) = preSolution
		Debug|Any CPU = Debug|Any CPU
		Release|Any CPU = Release|Any CPU
	EndGlobalSection
	GlobalSection(ProjectConfigurationPlatforms) = postSolution
		{7962ACD1-2923-47E7-B13C-2FAD0FAEE902}.Debug|Any CPU.ActiveCfg = Debug|Any CPU
		{7962ACD1-2923-47E7-B13C-2FAD0FAEE902}.Debug|Any CPU.Build.0 = Debug|Any CPU
		{7962ACD1-2923-47E7-B13C-2FAD0FAEE902}.Release|Any CPU.ActiveCfg = Release|Any CPU
		{7962ACD1-2923-47E7-B13C-2FAD0FAEE902}.Release|Any CPU.Build.0 = Release|Any CPU
	EndGlobalSection
	GlobalSection(SolutionProperties) = preSolution
		HideSolutionNode = FALSE
	EndGlobalSection
	GlobalSection(ExtensibilityGlobals) = postSolution
		SolutionGuid = {79DA2205-9715-4FC7-8547-7005EE3C66D8}
	EndGlobalSection
EndGlobal
